
Microsoft Visual Studio Solution File, Format Version 12.00
# Visual Studio 15
VisualStudioVersion = 15.0.26124.0
MinimumVisualStudioVersion = 15.0.26124.0
Project("{FAE04EC0-301F-11D3-BF4B-00C04F79EFBC}") = "application", "Api.Application\application.csproj", "{FCCD3FDA-8959-4344-B1B6-77AA72776609}"
EndProject
Project("{FAE04EC0-301F-11D3-BF4B-00C04F79EFBC}") = "Domain", "Api.Domain\Domain.csproj", "{65DB563F-9B5A-483F-93AE-481811AC4894}"
EndProject
Project("{FAE04EC0-301F-11D3-BF4B-00C04F79EFBC}") = "CrossCutting", "Api.CrossCutting\CrossCutting.csproj", "{65C2972D-8D41-4987-AACB-9603CB6F60F3}"
EndProject
Project("{FAE04EC0-301F-11D3-BF4B-00C04F79EFBC}") = "Data", "Api.Data\Data.csproj", "{D3E968F2-DBDB-427B-807A-A72CF8B5B64A}"
EndProject
Project("{FAE04EC0-301F-11D3-BF4B-00C04F79EFBC}") = "Service", "Api.Service\Service.csproj", "{BD6462B9-E8C7-4D00-967A-CBAB281D8989}"
EndProject
Project("{FAE04EC0-301F-11D3-BF4B-00C04F79EFBC}") = "Api.Data.Test", "Api.Data.Test\Api.Data.Test.csproj", "{60FAA540-21C3-403A-A0BB-F0C74CFB07ED}"
EndProject
Global
	GlobalSection(SolutionConfigurationPlatforms) = preSolution
		Debug|Any CPU = Debug|Any CPU
		Debug|x64 = Debug|x64
		Debug|x86 = Debug|x86
		Release|Any CPU = Release|Any CPU
		Release|x64 = Release|x64
		Release|x86 = Release|x86
	EndGlobalSection
	GlobalSection(SolutionProperties) = preSolution
		HideSolutionNode = FALSE
	EndGlobalSection
	GlobalSection(ProjectConfigurationPlatforms) = postSolution
		{FCCD3FDA-8959-4344-B1B6-77AA72776609}.Debug|Any CPU.ActiveCfg = Debug|Any CPU
		{FCCD3FDA-8959-4344-B1B6-77AA72776609}.Debug|Any CPU.Build.0 = Debug|Any CPU
		{FCCD3FDA-8959-4344-B1B6-77AA72776609}.Debug|x64.ActiveCfg = Debug|Any CPU
		{FCCD3FDA-8959-4344-B1B6-77AA72776609}.Debug|x64.Build.0 = Debug|Any CPU
		{FCCD3FDA-8959-4344-B1B6-77AA72776609}.Debug|x86.ActiveCfg = Debug|Any CPU
		{FCCD3FDA-8959-4344-B1B6-77AA72776609}.Debug|x86.Build.0 = Debug|Any CPU
		{FCCD3FDA-8959-4344-B1B6-77AA72776609}.Release|Any CPU.ActiveCfg = Release|Any CPU
		{FCCD3FDA-8959-4344-B1B6-77AA72776609}.Release|Any CPU.Build.0 = Release|Any CPU
		{FCCD3FDA-8959-4344-B1B6-77AA72776609}.Release|x64.ActiveCfg = Release|Any CPU
		{FCCD3FDA-8959-4344-B1B6-77AA72776609}.Release|x64.Build.0 = Release|Any CPU
		{FCCD3FDA-8959-4344-B1B6-77AA72776609}.Release|x86.ActiveCfg = Release|Any CPU
		{FCCD3FDA-8959-4344-B1B6-77AA72776609}.Release|x86.Build.0 = Release|Any CPU
		{65DB563F-9B5A-483F-93AE-481811AC4894}.Debug|Any CPU.ActiveCfg = Debug|Any CPU
		{65DB563F-9B5A-483F-93AE-481811AC4894}.Debug|Any CPU.Build.0 = Debug|Any CPU
		{65DB563F-9B5A-483F-93AE-481811AC4894}.Debug|x64.ActiveCfg = Debug|Any CPU
		{65DB563F-9B5A-483F-93AE-481811AC4894}.Debug|x64.Build.0 = Debug|Any CPU
		{65DB563F-9B5A-483F-93AE-481811AC4894}.Debug|x86.ActiveCfg = Debug|Any CPU
		{65DB563F-9B5A-483F-93AE-481811AC4894}.Debug|x86.Build.0 = Debug|Any CPU
		{65DB563F-9B5A-483F-93AE-481811AC4894}.Release|Any CPU.ActiveCfg = Release|Any CPU
		{65DB563F-9B5A-483F-93AE-481811AC4894}.Release|Any CPU.Build.0 = Release|Any CPU
		{65DB563F-9B5A-483F-93AE-481811AC4894}.Release|x64.ActiveCfg = Release|Any CPU
		{65DB563F-9B5A-483F-93AE-481811AC4894}.Release|x64.Build.0 = Release|Any CPU
		{65DB563F-9B5A-483F-93AE-481811AC4894}.Release|x86.ActiveCfg = Release|Any CPU
		{65DB563F-9B5A-483F-93AE-481811AC4894}.Release|x86.Build.0 = Release|Any CPU
		{65C2972D-8D41-4987-AACB-9603CB6F60F3}.Debug|Any CPU.ActiveCfg = Debug|Any CPU
		{65C2972D-8D41-4987-AACB-9603CB6F60F3}.Debug|Any CPU.Build.0 = Debug|Any CPU
		{65C2972D-8D41-4987-AACB-9603CB6F60F3}.Debug|x64.ActiveCfg = Debug|Any CPU
		{65C2972D-8D41-4987-AACB-9603CB6F60F3}.Debug|x64.Build.0 = Debug|Any CPU
		{65C2972D-8D41-4987-AACB-9603CB6F60F3}.Debug|x86.ActiveCfg = Debug|Any CPU
		{65C2972D-8D41-4987-AACB-9603CB6F60F3}.Debug|x86.Build.0 = Debug|Any CPU
		{65C2972D-8D41-4987-AACB-9603CB6F60F3}.Release|Any CPU.ActiveCfg = Release|Any CPU
		{65C2972D-8D41-4987-AACB-9603CB6F60F3}.Release|Any CPU.Build.0 = Release|Any CPU
		{65C2972D-8D41-4987-AACB-9603CB6F60F3}.Release|x64.ActiveCfg = Release|Any CPU
		{65C2972D-8D41-4987-AACB-9603CB6F60F3}.Release|x64.Build.0 = Release|Any CPU
		{65C2972D-8D41-4987-AACB-9603CB6F60F3}.Release|x86.ActiveCfg = Release|Any CPU
		{65C2972D-8D41-4987-AACB-9603CB6F60F3}.Release|x86.Build.0 = Release|Any CPU
		{D3E968F2-DBDB-427B-807A-A72CF8B5B64A}.Debug|Any CPU.ActiveCfg = Debug|Any CPU
		{D3E968F2-DBDB-427B-807A-A72CF8B5B64A}.Debug|Any CPU.Build.0 = Debug|Any CPU
		{D3E968F2-DBDB-427B-807A-A72CF8B5B64A}.Debug|x64.ActiveCfg = Debug|Any CPU
		{D3E968F2-DBDB-427B-807A-A72CF8B5B64A}.Debug|x64.Build.0 = Debug|Any CPU
		{D3E968F2-DBDB-427B-807A-A72CF8B5B64A}.Debug|x86.ActiveCfg = Debug|Any CPU
		{D3E968F2-DBDB-427B-807A-A72CF8B5B64A}.Debug|x86.Build.0 = Debug|Any CPU
		{D3E968F2-DBDB-427B-807A-A72CF8B5B64A}.Release|Any CPU.ActiveCfg = Release|Any CPU
		{D3E968F2-DBDB-427B-807A-A72CF8B5B64A}.Release|Any CPU.Build.0 = Release|Any CPU
		{D3E968F2-DBDB-427B-807A-A72CF8B5B64A}.Release|x64.ActiveCfg = Release|Any CPU
		{D3E968F2-DBDB-427B-807A-A72CF8B5B64A}.Release|x64.Build.0 = Release|Any CPU
		{D3E968F2-DBDB-427B-807A-A72CF8B5B64A}.Release|x86.ActiveCfg = Release|Any CPU
		{D3E968F2-DBDB-427B-807A-A72CF8B5B64A}.Release|x86.Build.0 = Release|Any CPU
		{BD6462B9-E8C7-4D00-967A-CBAB281D8989}.Debug|Any CPU.ActiveCfg = Debug|Any CPU
		{BD6462B9-E8C7-4D00-967A-CBAB281D8989}.Debug|Any CPU.Build.0 = Debug|Any CPU
		{BD6462B9-E8C7-4D00-967A-CBAB281D8989}.Debug|x64.ActiveCfg = Debug|Any CPU
		{BD6462B9-E8C7-4D00-967A-CBAB281D8989}.Debug|x64.Build.0 = Debug|Any CPU
		{BD6462B9-E8C7-4D00-967A-CBAB281D8989}.Debug|x86.ActiveCfg = Debug|Any CPU
		{BD6462B9-E8C7-4D00-967A-CBAB281D8989}.Debug|x86.Build.0 = Debug|Any CPU
		{BD6462B9-E8C7-4D00-967A-CBAB281D8989}.Release|Any CPU.ActiveCfg = Release|Any CPU
		{BD6462B9-E8C7-4D00-967A-CBAB281D8989}.Release|Any CPU.Build.0 = Release|Any CPU
		{BD6462B9-E8C7-4D00-967A-CBAB281D8989}.Release|x64.ActiveCfg = Release|Any CPU
		{BD6462B9-E8C7-4D00-967A-CBAB281D8989}.Release|x64.Build.0 = Release|Any CPU
		{BD6462B9-E8C7-4D00-967A-CBAB281D8989}.Release|x86.ActiveCfg = Release|Any CPU
		{BD6462B9-E8C7-4D00-967A-CBAB281D8989}.Release|x86.Build.0 = Release|Any CPU
		{60FAA540-21C3-403A-A0BB-F0C74CFB07ED}.Debug|Any CPU.ActiveCfg = Debug|Any CPU
		{60FAA540-21C3-403A-A0BB-F0C74CFB07ED}.Debug|Any CPU.Build.0 = Debug|Any CPU
		{60FAA540-21C3-403A-A0BB-F0C74CFB07ED}.Debug|x64.ActiveCfg = Debug|Any CPU
		{60FAA540-21C3-403A-A0BB-F0C74CFB07ED}.Debug|x64.Build.0 = Debug|Any CPU
		{60FAA540-21C3-403A-A0BB-F0C74CFB07ED}.Debug|x86.ActiveCfg = Debug|Any CPU
		{60FAA540-21C3-403A-A0BB-F0C74CFB07ED}.Debug|x86.Build.0 = Debug|Any CPU
		{60FAA540-21C3-403A-A0BB-F0C74CFB07ED}.Release|Any CPU.ActiveCfg = Release|Any CPU
		{60FAA540-21C3-403A-A0BB-F0C74CFB07ED}.Release|Any CPU.Build.0 = Release|Any CPU
		{60FAA540-21C3-403A-A0BB-F0C74CFB07ED}.Release|x64.ActiveCfg = Release|Any CPU
		{60FAA540-21C3-403A-A0BB-F0C74CFB07ED}.Release|x64.Build.0 = Release|Any CPU
		{60FAA540-21C3-403A-A0BB-F0C74CFB07ED}.Release|x86.ActiveCfg = Release|Any CPU
		{60FAA540-21C3-403A-A0BB-F0C74CFB07ED}.Release|x86.Build.0 = Release|Any CPU
	EndGlobalSection
EndGlobal
